
Microsoft Visual Studio Solution File, Format Version 12.00
# Visual Studio Version 17
VisualStudioVersion = 17.13.35913.81 d17.13
MinimumVisualStudioVersion = 10.0.40219.1
Project("{FAE04EC0-301F-11D3-BF4B-00C04F79EFBC}") = "YumBlazor", "YumBlazor\YumBlazor.csproj", "{7EF56C65-87DC-4358-A198-FBAFF9CD541D}"
EndProject
Global
	GlobalSection(SolutionConfigurationPlatforms) = preSolution
		Debug|Any CPU = Debug|Any CPU
		Release|Any CPU = Release|Any CPU
	EndGlobalSection
	GlobalSection(ProjectConfigurationPlatforms) = postSolution
		{7EF56C65-87DC-4358-A198-FBAFF9CD541D}.Debug|Any CPU.ActiveCfg = Debug|Any CPU
		{7EF56C65-87DC-4358-A198-FBAFF9CD541D}.Debug|Any CPU.Build.0 = Debug|Any CPU
		{7EF56C65-87DC-4358-A198-FBAFF9CD541D}.Release|Any CPU.ActiveCfg = Release|Any CPU
		{7EF56C65-87DC-4358-A198-FBAFF9CD541D}.Release|Any CPU.Build.0 = Release|Any CPU
	EndGlobalSection
	GlobalSection(SolutionProperties) = preSolution
		HideSolutionNode = FALSE
	EndGlobalSection
	GlobalSection(ExtensibilityGlobals) = postSolution
		SolutionGuid = {3DB35AD1-DD46-492D-8E08-95CD7213DF9B}
	EndGlobalSection
EndGlobal
